# This file was autogenerated by Stack.
# You should not edit this file by hand.
# For more information, please see the documentation at:
#   https://docs.haskellstack.org/en/stable/topics/lock_files

packages:
- completed:
    hackage: symtegration-0.6.1@sha256:81ef5c895935f20f08e939a7f0d08ee86dff599793d1026eb1e79f8872348bac,4918
    pantry-tree:
      sha256: 184b919982a40436ec9ecee2c5bd7321fbfeb04d5502be436b6e20843c61de0a
      size: 5060
  original:
    hackage: symtegration-0.6.1@sha256:81ef5c895935f20f08e939a7f0d08ee86dff599793d1026eb1e79f8872348bac,4918
- completed:
    hackage: numeric-tools-0.2.0.1@sha256:dbf0191b3495570694b32a3c6f336da427008c550ea8753b5ca485af8bcf2985,1894
    pantry-tree:
      sha256: e4f96ece284c5954a73bb8ea9c22b9efb39e7da5fdd68e415b20d9f1d43dc43c
      size: 851
  original:
    hackage: numeric-tools-0.2.0.1@sha256:dbf0191b3495570694b32a3c6f336da427008c550ea8753b5ca485af8bcf2985,1894
snapshots:
- completed:
    sha256: 238fa745b64f91184f9aa518fe04bdde6552533d169b0da5256670df83a0f1a9
    size: 721141
    url: https://raw.githubusercontent.com/commercialhaskell/stackage-snapshots/master/lts/22/44.yaml
  original: lts-22.44
